<Solution>
  <Configurations>
    <Platform Name="ARM64" />
    <Platform Name="x64" />
    <Platform Name="x86" />
  </Configurations>
  <Project Path="src/Servers/IIS/AspNetCoreModuleV2/AspNetCore/AspNetCore.vcxproj" Id="ec82302f-d2f0-4727-99d1-eabc0dd9dc3b">
    <Deploy Solution="*|x86" />
  </Project>
  <Project Path="src/Servers/IIS/AspNetCoreModuleV2/CommonLib/CommonLib.vcxproj" Id="55494e58-e061-4c4c-a0a8-837008e72f85">
    <Deploy Solution="*|x86" />
  </Project>
  <Project Path="src/Servers/IIS/AspNetCoreModuleV2/IISLib/IISLib.vcxproj" Id="09d9d1d6-2951-4e14-bc35-76a23cf9391a">
    <Deploy Solution="*|x86" />
  </Project>
  <Project Path="src/Servers/IIS/AspNetCoreModuleV2/OutOfProcessRequestHandler/OutOfProcessRequestHandler.vcxproj" Id="7f87406c-a3c8-4139-a68d-e4c344294a67">
    <Deploy Solution="*|x86" />
  </Project>
  <Project Path="src/Servers/IIS/AspNetCoreModuleV2/RequestHandlerLib/RequestHandlerLib.vcxproj" Id="1533e271-f61b-441b-8b74-59fb61df0552">
    <Deploy Solution="*|x86" />
  </Project>
</Solution>
